Microsoft Visual Studio Solution File, Format Version 12.00
# 17
VisualStudioVersion = 17.11.35327.3
MinimumVisualStudioVersion = 10.0.40219.1
Project("{9A19103F-16F7-4668-BE54-9A1E7A4F7556}") = "DidactCli", "didact-cli\DidactCli.csproj", "{421B0471-F9A7-4EEE-BCD5-07BFA4DD9E46}"
EndProject
Project("{9A19103F-16F7-4668-BE54-9A1E7A4F7556}") = "DidactEngine", "didact-engine\DidactEngine.csproj", "{3001F9BD-13C0-4280-904D-451E818DFED9}"
EndProject
Project("{9A19103F-16F7-4668-BE54-9A1E7A4F7556}") = "DidactUi", "didact-ui\dotnet-app\DidactUi.csproj", "{F5AFEEB0-F34C-4DA4-A8CD-F4B381B9AF1F}"
EndProject
Project("{9A19103F-16F7-4668-BE54-9A1E7A4F7556}") = "DidactCore", "didact-core\DidactCore.csproj", "{41E0D8C9-8D73-4660-97D8-0FD4CEE4966D}"
EndProject
Project("{9A19103F-16F7-4668-BE54-9A1E7A4F7556}") = "DidactServices", "didact-services\DidactServices.csproj", "{66E3BBF5-252F-45C5-8987-4C9F25522CEF}"
EndProject
Global
	GlobalSection(SolutionConfigurationPlatforms) = preSolution
		Debug|Any CPU = Debug|Any CPU
		Release|Any CPU = Release|Any CPU
	EndGlobalSection
	GlobalSection(ProjectConfigurationPlatforms) = postSolution
		{421B0471-F9A7-4EEE-BCD5-07BFA4DD9E46}.Debug|Any CPU.ActiveCfg = Debug|Any CPU
		{421B0471-F9A7-4EEE-BCD5-07BFA4DD9E46}.Debug|Any CPU.Build.0 = Debug|Any CPU
		{421B0471-F9A7-4EEE-BCD5-07BFA4DD9E46}.Release|Any CPU.ActiveCfg = Release|Any CPU
		{421B0471-F9A7-4EEE-BCD5-07BFA4DD9E46}.Release|Any CPU.Build.0 = Release|Any CPU
		{3001F9BD-13C0-4280-904D-451E818DFED9}.Debug|Any CPU.ActiveCfg = Debug|Any CPU
		{3001F9BD-13C0-4280-904D-451E818DFED9}.Debug|Any CPU.Build.0 = Debug|Any CPU
		{3001F9BD-13C0-4280-904D-451E818DFED9}.Release|Any CPU.ActiveCfg = Release|Any CPU
		{3001F9BD-13C0-4280-904D-451E818DFED9}.Release|Any CPU.Build.0 = Release|Any CPU
		{F5AFEEB0-F34C-4DA4-A8CD-F4B381B9AF1F}.Debug|Any CPU.ActiveCfg = Debug|Any CPU
		{F5AFEEB0-F34C-4DA4-A8CD-F4B381B9AF1F}.Debug|Any CPU.Build.0 = Debug|Any CPU
		{F5AFEEB0-F34C-4DA4-A8CD-F4B381B9AF1F}.Release|Any CPU.ActiveCfg = Release|Any CPU
		{F5AFEEB0-F34C-4DA4-A8CD-F4B381B9AF1F}.Release|Any CPU.Build.0 = Release|Any CPU
		{41E0D8C9-8D73-4660-97D8-0FD4CEE4966D}.Debug|Any CPU.ActiveCfg = Debug|Any CPU
		{41E0D8C9-8D73-4660-97D8-0FD4CEE4966D}.Debug|Any CPU.Build.0 = Debug|Any CPU
		{41E0D8C9-8D73-4660-97D8-0FD4CEE4966D}.Release|Any CPU.ActiveCfg = Release|Any CPU
		{41E0D8C9-8D73-4660-97D8-0FD4CEE4966D}.Release|Any CPU.Build.0 = Release|Any CPU
		{66E3BBF5-252F-45C5-8987-4C9F25522CEF}.Debug|Any CPU.ActiveCfg = Debug|Any CPU
		{66E3BBF5-252F-45C5-8987-4C9F25522CEF}.Debug|Any CPU.Build.0 = Debug|Any CPU
		{66E3BBF5-252F-45C5-8987-4C9F25522CEF}.Release|Any CPU.ActiveCfg = Release|Any CPU
		{66E3BBF5-252F-45C5-8987-4C9F25522CEF}.Release|Any CPU.Build.0 = Release|Any CPU
	EndGlobalSection
	GlobalSection(SolutionProperties) = preSolution
		HideSolutionNode = FALSE
	EndGlobalSection
	GlobalSection(ExtensibilityGlobals) = postSolution
		SolutionGuid = {88D98107-88FC-4281-9A70-42F7D8A0F152}
	EndGlobalSection
EndGlobal
